
Microsoft Visual Studio Solution File, Format Version 12.00
# Visual Studio 15
VisualStudioVersion = 15.0.28307.438
MinimumVisualStudioVersion = 10.0.40219.1
Project("{9092AA53-FB77-4645-B42D-1CCCA6BD08BD}") = "Client-Hbase", "Client-Hbase\Client-Hbase.njsproj", "{23CC09D5-2267-4F00-8411-EE8F877005AF}"
EndProject
Global
	GlobalSection(SolutionConfigurationPlatforms) = preSolution
		Debug|Any CPU = Debug|Any CPU
		Release|Any CPU = Release|Any CPU
	EndGlobalSection
	GlobalSection(ProjectConfigurationPlatforms) = postSolution
		{23CC09D5-2267-4F00-8411-EE8F877005AF}.Debug|Any CPU.ActiveCfg = Debug|Any CPU
		{23CC09D5-2267-4F00-8411-EE8F877005AF}.Debug|Any CPU.Build.0 = Debug|Any CPU
		{23CC09D5-2267-4F00-8411-EE8F877005AF}.Release|Any CPU.ActiveCfg = Release|Any CPU
		{23CC09D5-2267-4F00-8411-EE8F877005AF}.Release|Any CPU.Build.0 = Release|Any CPU
	EndGlobalSection
	GlobalSection(SolutionProperties) = preSolution
		HideSolutionNode = FALSE
	EndGlobalSection
	GlobalSection(ExtensibilityGlobals) = postSolution
		SolutionGuid = {27AE4A92-18A2-4858-BE84-6DC17ABCE078}
	EndGlobalSection
EndGlobal
